
Microsoft Visual Studio Solution File, Format Version 12.00
# Visual Studio Version 16
VisualStudioVersion = 16.0.29728.190
MinimumVisualStudioVersion = 10.0.40219.1
Project("{FAE04EC0-301F-11D3-BF4B-00C04F79EFBC}") = "Loja", "Loja.csproj", "{699A8DA3-612F-46F7-93D4-30B9AB0E0BBE}"
EndProject
Project("{FAE04EC0-301F-11D3-BF4B-00C04F79EFBC}") = "ADMLoja", "ADMLoja\ADMLoja.csproj", "{7AB8E74D-3301-4784-87CD-B412AABCE12C}"
EndProject
Project("{FAE04EC0-301F-11D3-BF4B-00C04F79EFBC}") = "WebAPI", "WebAPI\WebAPI.csproj", "{1ADA691C-D9BA-437A-B6E4-D86E7495AB6C}"
EndProject
Global
	GlobalSection(SolutionConfigurationPlatforms) = preSolution
		Debug|Any CPU = Debug|Any CPU
		Release|Any CPU = Release|Any CPU
	EndGlobalSection
	GlobalSection(ProjectConfigurationPlatforms) = postSolution
		{699A8DA3-612F-46F7-93D4-30B9AB0E0BBE}.Debug|Any CPU.ActiveCfg = Debug|Any CPU
		{699A8DA3-612F-46F7-93D4-30B9AB0E0BBE}.Debug|Any CPU.Build.0 = Debug|Any CPU
		{699A8DA3-612F-46F7-93D4-30B9AB0E0BBE}.Release|Any CPU.ActiveCfg = Release|Any CPU
		{699A8DA3-612F-46F7-93D4-30B9AB0E0BBE}.Release|Any CPU.Build.0 = Release|Any CPU
		{7AB8E74D-3301-4784-87CD-B412AABCE12C}.Debug|Any CPU.ActiveCfg = Debug|Any CPU
		{7AB8E74D-3301-4784-87CD-B412AABCE12C}.Debug|Any CPU.Build.0 = Debug|Any CPU
		{7AB8E74D-3301-4784-87CD-B412AABCE12C}.Release|Any CPU.ActiveCfg = Release|Any CPU
		{7AB8E74D-3301-4784-87CD-B412AABCE12C}.Release|Any CPU.Build.0 = Release|Any CPU
		{1ADA691C-D9BA-437A-B6E4-D86E7495AB6C}.Debug|Any CPU.ActiveCfg = Debug|Any CPU
		{1ADA691C-D9BA-437A-B6E4-D86E7495AB6C}.Debug|Any CPU.Build.0 = Debug|Any CPU
		{1ADA691C-D9BA-437A-B6E4-D86E7495AB6C}.Release|Any CPU.ActiveCfg = Release|Any CPU
		{1ADA691C-D9BA-437A-B6E4-D86E7495AB6C}.Release|Any CPU.Build.0 = Release|Any CPU
	EndGlobalSection
	GlobalSection(SolutionProperties) = preSolution
		HideSolutionNode = FALSE
	EndGlobalSection
	GlobalSection(ExtensibilityGlobals) = postSolution
		SolutionGuid = {69759546-A61D-47F9-941E-B14428F73393}
	EndGlobalSection
EndGlobal
